
Microsoft Visual Studio Solution File, Format Version 12.00
# Visual Studio Version 17
VisualStudioVersion = 17.7.34031.279
MinimumVisualStudioVersion = 10.0.40219.1
Project("{9A19103F-16F7-4668-BE54-9A1E7A4F7556}") = "Domain.Blogging", "Domain.Blogging\Domain.Blogging.csproj", "{2C7ADE86-D1C0-44A3-B5AB-CA196695B96F}"
EndProject
Project("{9A19103F-16F7-4668-BE54-9A1E7A4F7556}") = "Application.Blogging", "Application.Blogging\Application.Blogging.csproj", "{51708CD1-817B-4708-A927-DD90405DCF48}"
EndProject
Project("{9A19103F-16F7-4668-BE54-9A1E7A4F7556}") = "Infrastructure.Blogging", "Infrastructure.Blogging\Infrastructure.Blogging.csproj", "{B008F38A-1D97-4BD8-BF44-79C02162845F}"
EndProject
Project("{9A19103F-16F7-4668-BE54-9A1E7A4F7556}") = "Presentation.Blogging", "Presentation.Blogging\Presentation.Blogging.csproj", "{C2569682-73D5-45A8-8BE7-F3D3772F2873}"
EndProject
Global
	GlobalSection(SolutionConfigurationPlatforms) = preSolution
		Debug|Any CPU = Debug|Any CPU
		Release|Any CPU = Release|Any CPU
	EndGlobalSection
	GlobalSection(ProjectConfigurationPlatforms) = postSolution
		{2C7ADE86-D1C0-44A3-B5AB-CA196695B96F}.Debug|Any CPU.ActiveCfg = Debug|Any CPU
		{2C7ADE86-D1C0-44A3-B5AB-CA196695B96F}.Debug|Any CPU.Build.0 = Debug|Any CPU
		{2C7ADE86-D1C0-44A3-B5AB-CA196695B96F}.Release|Any CPU.ActiveCfg = Release|Any CPU
		{2C7ADE86-D1C0-44A3-B5AB-CA196695B96F}.Release|Any CPU.Build.0 = Release|Any CPU
		{51708CD1-817B-4708-A927-DD90405DCF48}.Debug|Any CPU.ActiveCfg = Debug|Any CPU
		{51708CD1-817B-4708-A927-DD90405DCF48}.Debug|Any CPU.Build.0 = Debug|Any CPU
		{51708CD1-817B-4708-A927-DD90405DCF48}.Release|Any CPU.ActiveCfg = Release|Any CPU
		{51708CD1-817B-4708-A927-DD90405DCF48}.Release|Any CPU.Build.0 = Release|Any CPU
		{B008F38A-1D97-4BD8-BF44-79C02162845F}.Debug|Any CPU.ActiveCfg = Debug|Any CPU
		{B008F38A-1D97-4BD8-BF44-79C02162845F}.Debug|Any CPU.Build.0 = Debug|Any CPU
		{B008F38A-1D97-4BD8-BF44-79C02162845F}.Release|Any CPU.ActiveCfg = Release|Any CPU
		{B008F38A-1D97-4BD8-BF44-79C02162845F}.Release|Any CPU.Build.0 = Release|Any CPU
		{C2569682-73D5-45A8-8BE7-F3D3772F2873}.Debug|Any CPU.ActiveCfg = Debug|Any CPU
		{C2569682-73D5-45A8-8BE7-F3D3772F2873}.Debug|Any CPU.Build.0 = Debug|Any CPU
		{C2569682-73D5-45A8-8BE7-F3D3772F2873}.Release|Any CPU.ActiveCfg = Release|Any CPU
		{C2569682-73D5-45A8-8BE7-F3D3772F2873}.Release|Any CPU.Build.0 = Release|Any CPU
	EndGlobalSection
	GlobalSection(SolutionProperties) = preSolution
		HideSolutionNode = FALSE
	EndGlobalSection
	GlobalSection(ExtensibilityGlobals) = postSolution
		SolutionGuid = {82619713-9329-4805-958C-9784F7AD070F}
	EndGlobalSection
EndGlobal
